dependencies:
  idf:
    component_hash: null
    source:
      type: idf
    version: 5.2.0
  protocol_examples_common:
    component_hash: null
    source:
      path: /home/srk/5esp/esp-idf/examples/common_components/protocol_examples_common
      type: local
    version: '*'
manifest_hash: 8b8d2c21adc99542d5f2d0050546bb7ba3db4781b5fcdc0e1a4a54ae63480e8c
target: esp32
version: 1.0.0
